
Microsoft Visual Studio Solution File, Format Version 12.00
# Visual Studio Version 17
VisualStudioVersion = 17.7.34031.279
MinimumVisualStudioVersion = 10.0.40219.1
Project("{FAE04EC0-301F-11D3-BF4B-00C04F79EFBC}") = "SecurityDemo", "SecurityDemo.csproj", "{3CCE1ADB-23B3-4B6F-BFA6-D2F0051677D3}"
EndProject
Global
	GlobalSection(SolutionConfigurationPlatforms) = preSolution
		Debug|Any CPU = Debug|Any CPU
		Release|Any CPU = Release|Any CPU
	EndGlobalSection
	GlobalSection(ProjectConfigurationPlatforms) = postSolution
		{3CCE1ADB-23B3-4B6F-BFA6-D2F0051677D3}.Debug|Any CPU.ActiveCfg = Debug|Any CPU
		{3CCE1ADB-23B3-4B6F-BFA6-D2F0051677D3}.Debug|Any CPU.Build.0 = Debug|Any CPU
		{3CCE1ADB-23B3-4B6F-BFA6-D2F0051677D3}.Release|Any CPU.ActiveCfg = Release|Any CPU
		{3CCE1ADB-23B3-4B6F-BFA6-D2F0051677D3}.Release|Any CPU.Build.0 = Release|Any CPU
	EndGlobalSection
	GlobalSection(SolutionProperties) = preSolution
		HideSolutionNode = FALSE
	EndGlobalSection
	GlobalSection(ExtensibilityGlobals) = postSolution
		SolutionGuid = {369C0A4D-DD81-48E1-9649-F9812EF5DF82}
	EndGlobalSection
EndGlobal
